
Microsoft Visual Studio Solution File, Format Version 12.00
# Visual Studio Version 17
VisualStudioVersion = 17.2.32630.192
MinimumVisualStudioVersion = 10.0.40219.1
Project("{FAE04EC0-301F-11D3-BF4B-00C04F79EFBC}") = "EventsAndDelegateAssign", "EventsAndDelegateAssign\EventsAndDelegateAssign.csproj", "{5515BAD5-6A43-48E0-8235-1081A448D04A}"
EndProject
Global
	GlobalSection(SolutionConfigurationPlatforms) = preSolution
		Debug|Any CPU = Debug|Any CPU
		Release|Any CPU = Release|Any CPU
	EndGlobalSection
	GlobalSection(ProjectConfigurationPlatforms) = postSolution
		{5515BAD5-6A43-48E0-8235-1081A448D04A}.Debug|Any CPU.ActiveCfg = Debug|Any CPU
		{5515BAD5-6A43-48E0-8235-1081A448D04A}.Debug|Any CPU.Build.0 = Debug|Any CPU
		{5515BAD5-6A43-48E0-8235-1081A448D04A}.Release|Any CPU.ActiveCfg = Release|Any CPU
		{5515BAD5-6A43-48E0-8235-1081A448D04A}.Release|Any CPU.Build.0 = Release|Any CPU
	EndGlobalSection
	GlobalSection(SolutionProperties) = preSolution
		HideSolutionNode = FALSE
	EndGlobalSection
	GlobalSection(ExtensibilityGlobals) = postSolution
		SolutionGuid = {EDAC59B6-9102-4579-9F53-6FFD06D4123B}
	EndGlobalSection
EndGlobal
